
Microsoft Visual Studio Solution File, Format Version 11.00
# Visual Studio 2010
Project("{8BC9CEB8-8B4A-11D0-8D11-00A0C91BC942}") = "Proodos2021", "Proodos2021\Proodos2021.vcxproj", "{B8FC5BD2-8589-4DA2-8DB9-8F828828FD51}"
EndProject
Global
	GlobalSection(SolutionConfigurationPlatforms) = preSolution
		Debug|Win32 = Debug|Win32
		Release|Win32 = Release|Win32
	EndGlobalSection
	GlobalSection(ProjectConfigurationPlatforms) = postSolution
		{B8FC5BD2-8589-4DA2-8DB9-8F828828FD51}.Debug|Win32.ActiveCfg = Debug|Win32
		{B8FC5BD2-8589-4DA2-8DB9-8F828828FD51}.Debug|Win32.Build.0 = Debug|Win32
		{B8FC5BD2-8589-4DA2-8DB9-8F828828FD51}.Release|Win32.ActiveCfg = Release|Win32
		{B8FC5BD2-8589-4DA2-8DB9-8F828828FD51}.Release|Win32.Build.0 = Release|Win32
	EndGlobalSection
	GlobalSection(SolutionProperties) = preSolution
		HideSolutionNode = FALSE
	EndGlobalSection
EndGlobal
